
Microsoft Visual Studio Solution File, Format Version 12.00
# Visual Studio Version 17
VisualStudioVersion = 17.14.36811.4
MinimumVisualStudioVersion = 10.0.40219.1
Project("{FAE04EC0-301F-11D3-BF4B-00C04F79EFBC}") = "MassiveAPI", "MassiveAPI.csproj", "{F7AE8535-8325-4CF3-B314-48B38A979AD1}"
EndProject
Project("{FAE04EC0-301F-11D3-BF4B-00C04F79EFBC}") = "MassiveAPI.UnitTests", "..\\tests\\MassiveAPI.UnitTests.csproj", "{7BF2C7E3-6E2E-4D16-BA83-D94C9520B4F9}"
EndProject
Global
	GlobalSection(SolutionConfigurationPlatforms) = preSolution
		Debug|Any CPU = Debug|Any CPU
		Release|Any CPU = Release|Any CPU
	EndGlobalSection
	GlobalSection(ProjectConfigurationPlatforms) = postSolution
		{F7AE8535-8325-4CF3-B314-48B38A979AD1}.Debug|Any CPU.ActiveCfg = Debug|Any CPU
		{F7AE8535-8325-4CF3-B314-48B38A979AD1}.Debug|Any CPU.Build.0 = Debug|Any CPU
		{F7AE8535-8325-4CF3-B314-48B38A979AD1}.Release|Any CPU.ActiveCfg = Release|Any CPU
		{F7AE8535-8325-4CF3-B314-48B38A979AD1}.Release|Any CPU.Build.0 = Release|Any CPU
		{7BF2C7E3-6E2E-4D16-BA83-D94C9520B4F9}.Debug|Any CPU.ActiveCfg = Debug|Any CPU
		{7BF2C7E3-6E2E-4D16-BA83-D94C9520B4F9}.Debug|Any CPU.Build.0 = Debug|Any CPU
		{7BF2C7E3-6E2E-4D16-BA83-D94C9520B4F9}.Release|Any CPU.ActiveCfg = Release|Any CPU
		{7BF2C7E3-6E2E-4D16-BA83-D94C9520B4F9}.Release|Any CPU.Build.0 = Release|Any CPU
	EndGlobalSection
	GlobalSection(SolutionProperties) = preSolution
		HideSolutionNode = FALSE
	EndGlobalSection
	GlobalSection(ExtensibilityGlobals) = postSolution
		SolutionGuid = {F382AA0C-6019-4CDC-A28E-39CD4F26106C}
	EndGlobalSection
EndGlobal
